
Microsoft Visual Studio Solution File, Format Version 12.00
# Visual Studio Version 17
VisualStudioVersion = 17.14.36212.18
MinimumVisualStudioVersion = 10.0.40219.1
Project("{FAE04EC0-301F-11D3-BF4B-00C04F79EFBC}") = "SOE", "SOE\SOE.csproj", "{6CFE0A00-44CB-45BE-BF36-3B58E555777A}"
EndProject
Project("{E53339B2-1760-4266-BCC7-CA923CBCF16C}") = "docker-compose", "docker-compose.dcproj", "{81DDED9D-158B-E303-5F62-77A2896D2A5A}"
EndProject
Project("{2150E333-8FDC-42A3-9474-1A3956D46DE8}") = "postgres", "postgres", "{36D591C7-65C7-A0D1-1CBC-10CDE441BDC8}"
	ProjectSection(SolutionItems) = preProject
		Dockerfile = Dockerfile
		init.sql = init.sql
	EndProjectSection
EndProject
Project("{2150E333-8FDC-42A3-9474-1A3956D46DE8}") = "python", "python", "{683D70F5-BD74-4B43-A01A-697007A10218}"
	ProjectSection(SolutionItems) = preProject
		emotion_service\Dockerfile = emotion_service\Dockerfile
		emotion_service\emotion_service.py = emotion_service\emotion_service.py
		emotion_service\requirements.txt = emotion_service\requirements.txt
	EndProjectSection
EndProject
Global
	GlobalSection(SolutionConfigurationPlatforms) = preSolution
		Debug|Any CPU = Debug|Any CPU
		Release|Any CPU = Release|Any CPU
	EndGlobalSection
	GlobalSection(ProjectConfigurationPlatforms) = postSolution
		{6CFE0A00-44CB-45BE-BF36-3B58E555777A}.Debug|Any CPU.ActiveCfg = Debug|Any CPU
		{6CFE0A00-44CB-45BE-BF36-3B58E555777A}.Debug|Any CPU.Build.0 = Debug|Any CPU
		{6CFE0A00-44CB-45BE-BF36-3B58E555777A}.Release|Any CPU.ActiveCfg = Release|Any CPU
		{6CFE0A00-44CB-45BE-BF36-3B58E555777A}.Release|Any CPU.Build.0 = Release|Any CPU
		{81DDED9D-158B-E303-5F62-77A2896D2A5A}.Debug|Any CPU.ActiveCfg = Debug|Any CPU
		{81DDED9D-158B-E303-5F62-77A2896D2A5A}.Debug|Any CPU.Build.0 = Debug|Any CPU
		{81DDED9D-158B-E303-5F62-77A2896D2A5A}.Release|Any CPU.ActiveCfg = Release|Any CPU
		{81DDED9D-158B-E303-5F62-77A2896D2A5A}.Release|Any CPU.Build.0 = Release|Any CPU
	EndGlobalSection
	GlobalSection(SolutionProperties) = preSolution
		HideSolutionNode = FALSE
	EndGlobalSection
	GlobalSection(ExtensibilityGlobals) = postSolution
		SolutionGuid = {061AB7C5-8FAD-4480-8813-163EC1DF83A8}
	EndGlobalSection
EndGlobal
